
Microsoft Visual Studio Solution File, Format Version 12.00
# Visual Studio Version 16
VisualStudioVersion = 16.0.30413.136
MinimumVisualStudioVersion = 10.0.40219.1
Project("{FAE04EC0-301F-11D3-BF4B-00C04F79EFBC}") = "ArkhamAdventrurePrototype", "ArkhamAdventrurePrototype.csproj", "{10215369-5CB6-4FAB-9C00-2F2B36E9BB88}"
EndProject
Global
	GlobalSection(SolutionConfigurationPlatforms) = preSolution
		Debug|Any CPU = Debug|Any CPU
		Release|Any CPU = Release|Any CPU
	EndGlobalSection
	GlobalSection(ProjectConfigurationPlatforms) = postSolution
		{10215369-5CB6-4FAB-9C00-2F2B36E9BB88}.Debug|Any CPU.ActiveCfg = Debug|Any CPU
		{10215369-5CB6-4FAB-9C00-2F2B36E9BB88}.Debug|Any CPU.Build.0 = Debug|Any CPU
		{10215369-5CB6-4FAB-9C00-2F2B36E9BB88}.Release|Any CPU.ActiveCfg = Release|Any CPU
		{10215369-5CB6-4FAB-9C00-2F2B36E9BB88}.Release|Any CPU.Build.0 = Release|Any CPU
	EndGlobalSection
	GlobalSection(SolutionProperties) = preSolution
		HideSolutionNode = FALSE
	EndGlobalSection
	GlobalSection(ExtensibilityGlobals) = postSolution
		SolutionGuid = {721F9E1B-623D-45EE-BC39-0C06C61DBAC2}
	EndGlobalSection
EndGlobal
